
Microsoft Visual Studio Solution File, Format Version 12.00
# Visual Studio 15
VisualStudioVersion = 15.0.28307.645
MinimumVisualStudioVersion = 10.0.40219.1
Project("{FAE04EC0-301F-11D3-BF4B-00C04F79EFBC}") = "BonusSystem", "BonusSystem\BonusSystem.csproj", "{64D54AFA-67D8-42E2-B137-13E94B7D7922}"
EndProject
Project("{FAE04EC0-301F-11D3-BF4B-00C04F79EFBC}") = "NascarQualifications", "NascarQualifications\NascarQualifications.csproj", "{DEC4BEC2-17E6-4C8E-824E-C17EFEC989EB}"
EndProject
Project("{FAE04EC0-301F-11D3-BF4B-00C04F79EFBC}") = "InternationalSoftUniada", "InternationalSoftUniada\InternationalSoftUniada.csproj", "{08F2BD56-4588-46CF-AE06-711FC961C3DD}"
EndProject
Global
	GlobalSection(SolutionConfigurationPlatforms) = preSolution
		Debug|Any CPU = Debug|Any CPU
		Release|Any CPU = Release|Any CPU
	EndGlobalSection
	GlobalSection(ProjectConfigurationPlatforms) = postSolution
		{64D54AFA-67D8-42E2-B137-13E94B7D7922}.Debug|Any CPU.ActiveCfg = Debug|Any CPU
		{64D54AFA-67D8-42E2-B137-13E94B7D7922}.Debug|Any CPU.Build.0 = Debug|Any CPU
		{64D54AFA-67D8-42E2-B137-13E94B7D7922}.Release|Any CPU.ActiveCfg = Release|Any CPU
		{64D54AFA-67D8-42E2-B137-13E94B7D7922}.Release|Any CPU.Build.0 = Release|Any CPU
		{DEC4BEC2-17E6-4C8E-824E-C17EFEC989EB}.Debug|Any CPU.ActiveCfg = Debug|Any CPU
		{DEC4BEC2-17E6-4C8E-824E-C17EFEC989EB}.Debug|Any CPU.Build.0 = Debug|Any CPU
		{DEC4BEC2-17E6-4C8E-824E-C17EFEC989EB}.Release|Any CPU.ActiveCfg = Release|Any CPU
		{DEC4BEC2-17E6-4C8E-824E-C17EFEC989EB}.Release|Any CPU.Build.0 = Release|Any CPU
		{08F2BD56-4588-46CF-AE06-711FC961C3DD}.Debug|Any CPU.ActiveCfg = Debug|Any CPU
		{08F2BD56-4588-46CF-AE06-711FC961C3DD}.Debug|Any CPU.Build.0 = Debug|Any CPU
		{08F2BD56-4588-46CF-AE06-711FC961C3DD}.Release|Any CPU.ActiveCfg = Release|Any CPU
		{08F2BD56-4588-46CF-AE06-711FC961C3DD}.Release|Any CPU.Build.0 = Release|Any CPU
	EndGlobalSection
	GlobalSection(SolutionProperties) = preSolution
		HideSolutionNode = FALSE
	EndGlobalSection
	GlobalSection(ExtensibilityGlobals) = postSolution
		SolutionGuid = {78E708E8-A67C-4901-9661-8A74638C0B1F}
	EndGlobalSection
EndGlobal
